<?xml version="1.0" encoding="utf-8"?>
<Project ToolsVersion="4.0" xmlns="http://schemas.microsoft.com/developer/msbuild/2003">
  <ItemGroup>
    <Filter Include="win32">
      <UniqueIdentifier>{84a8ebd7-7cf0-47f6-b75e-d441df67da40}</UniqueIdentifier>
    </Filter>
    <Filter Include="resource">
      <UniqueIdentifier>{715254bc-d70b-4ec5-bf29-467dd3ace079}</UniqueIdentifier>
    </Filter>
    <Filter Include="src">
      <UniqueIdentifier>{bb6c862e-70e9-49d9-81b7-3829a6f50471}</UniqueIdentifier>
    </Filter>
    <Filter Include="src\logic">
      <UniqueIdentifier>{b3a40a1e-7e49-423a-9d6d-f2c8953532eb}</UniqueIdentifier>
    </Filter>
    <Filter Include="src\ui">
      <UniqueIdentifier>{7db3d4d4-4746-4815-9608-3c75f7a3ca38}</UniqueIdentifier>
    </Filter>
    <Filter Include="src\ui\sprite">
      <UniqueIdentifier>{38bac0ea-35b1-47ed-999a-42f161bdef47}</UniqueIdentifier>
    </Filter>
    <Filter Include="src\ui\screen">
      <UniqueIdentifier>{d082adae-00ae-4eb3-85c7-5ed35d854fd6}</UniqueIdentifier>
    </Filter>
    <Filter Include="src\ui\layer">
      <UniqueIdentifier>{e5348d9b-0c3d-4580-82b6-5ee4e5205875}</UniqueIdentifier>
    </Filter>
  </ItemGroup>
  <ItemGroup>
    <ClCompile Include="main.cpp">
      <Filter>win32</Filter>
    </ClCompile>
    <ClCompile Include="..\Classes\AppDelegate.cpp">
      <Filter>src\ui</Filter>
    </ClCompile>
    <ClCompile Include="..\Classes\MapSprite.cpp">
      <Filter>src\ui\sprite</Filter>
    </ClCompile>
    <ClCompile Include="..\Classes\Road.cpp">
      <Filter>src\ui\sprite</Filter>
    </ClCompile>
    <ClCompile Include="..\Classes\MainScreen.cpp">
      <Filter>src\ui\screen</Filter>
    </ClCompile>
    <ClCompile Include="..\Classes\MapLayer.cpp">
      <Filter>src\ui\layer</Filter>
    </ClCompile>
    <ClCompile Include="..\Classes\MapGraph.cpp">
      <Filter>src\logic</Filter>
    </ClCompile>
    <ClCompile Include="..\Classes\UILayer.cpp">
      <Filter>src\ui\layer</Filter>
    </ClCompile>
    <ClCompile Include="..\Classes\Tools.cpp">
      <Filter>src\logic</Filter>
    </ClCompile>
    <ClCompile Include="..\Classes\PlaceNode.cpp">
      <Filter>src\ui\sprite</Filter>
    </ClCompile>
    <ClCompile Include="..\Classes\PathList.cpp">
      <Filter>src\logic</Filter>
    </ClCompile>
    <ClCompile Include="..\Classes\Path.cpp">
      <Filter>src\ui\sprite</Filter>
    </ClCompile>
  </ItemGroup>
  <ItemGroup>
    <ClInclude Include="main.h">
      <Filter>win32</Filter>
    </ClInclude>
    <ClInclude Include="..\Classes\AppDelegate.h">
      <Filter>src\ui</Filter>
    </ClInclude>
    <ClInclude Include="..\Classes\MyGraph.h">
      <Filter>src\logic</Filter>
    </ClInclude>
    <ClInclude Include="..\Classes\MyQueue.h">
      <Filter>src\logic</Filter>
    </ClInclude>
    <ClInclude Include="..\Classes\MapSprite.h">
      <Filter>src\ui\sprite</Filter>
    </ClInclude>
    <ClInclude Include="..\Classes\Road.h">
      <Filter>src\ui\sprite</Filter>
    </ClInclude>
    <ClInclude Include="..\Classes\MainScreen.h">
      <Filter>src\ui\screen</Filter>
    </ClInclude>
    <ClInclude Include="..\Classes\MapLayer.h">
      <Filter>src\ui\layer</Filter>
    </ClInclude>
    <ClInclude Include="..\Classes\MapGraph.h">
      <Filter>src\logic</Filter>
    </ClInclude>
    <ClInclude Include="..\Classes\UILayer.h">
      <Filter>src\ui\layer</Filter>
    </ClInclude>
    <ClInclude Include="..\Classes\Tools.h">
      <Filter>src\logic</Filter>
    </ClInclude>
    <ClInclude Include="..\Classes\PlaceNode.h">
      <Filter>src\ui\sprite</Filter>
    </ClInclude>
    <ClInclude Include="..\Classes\PathList.h">
      <Filter>src\logic</Filter>
    </ClInclude>
    <ClInclude Include="..\Classes\Path.h">
      <Filter>src\ui\sprite</Filter>
    </ClInclude>
  </ItemGroup>
  <ItemGroup>
    <ResourceCompile Include="game.rc">
      <Filter>resource</Filter>
    </ResourceCompile>
  </ItemGroup>
</Project>